
Microsoft Visual Studio Solution File, Format Version 12.00
# Visual Studio Version 17
VisualStudioVersion = 17.10.35027.167
MinimumVisualStudioVersion = 10.0.40219.1
Project("{9A19103F-16F7-4668-BE54-9A1E7A4F7556}") = "Registration.Web", "Registration.Web\Registration.Web.csproj", "{31DE2F51-5A17-4E01-BAC2-1014FD62B2AA}"
EndProject
Project("{FAE04EC0-301F-11D3-BF4B-00C04F79EFBC}") = "Registration.ConsoleConsumer", "Registration.Console\Registration.ConsoleConsumer.csproj", "{FE345FD1-64B7-4E05-835E-ADA492795B3E}"
	ProjectSection(ProjectDependencies) = postProject
		{31DE2F51-5A17-4E01-BAC2-1014FD62B2AA} = {31DE2F51-5A17-4E01-BAC2-1014FD62B2AA}
	EndProjectSection
EndProject
Global
	GlobalSection(SolutionConfigurationPlatforms) = preSolution
		Debug|Any CPU = Debug|Any CPU
		Release|Any CPU = Release|Any CPU
	EndGlobalSection
	GlobalSection(ProjectConfigurationPlatforms) = postSolution
		{31DE2F51-5A17-4E01-BAC2-1014FD62B2AA}.Debug|Any CPU.ActiveCfg = Debug|Any CPU
		{31DE2F51-5A17-4E01-BAC2-1014FD62B2AA}.Debug|Any CPU.Build.0 = Debug|Any CPU
		{31DE2F51-5A17-4E01-BAC2-1014FD62B2AA}.Release|Any CPU.ActiveCfg = Release|Any CPU
		{31DE2F51-5A17-4E01-BAC2-1014FD62B2AA}.Release|Any CPU.Build.0 = Release|Any CPU
		{FE345FD1-64B7-4E05-835E-ADA492795B3E}.Debug|Any CPU.ActiveCfg = Debug|Any CPU
		{FE345FD1-64B7-4E05-835E-ADA492795B3E}.Debug|Any CPU.Build.0 = Debug|Any CPU
		{FE345FD1-64B7-4E05-835E-ADA492795B3E}.Release|Any CPU.ActiveCfg = Release|Any CPU
		{FE345FD1-64B7-4E05-835E-ADA492795B3E}.Release|Any CPU.Build.0 = Release|Any CPU
	EndGlobalSection
	GlobalSection(SolutionProperties) = preSolution
		HideSolutionNode = FALSE
	EndGlobalSection
	GlobalSection(ExtensibilityGlobals) = postSolution
		SolutionGuid = {3269394A-EA0D-4A14-8D97-6DBC0F2930AE}
	EndGlobalSection
EndGlobal
